
Microsoft Visual Studio Solution File, Format Version 12.00
# Visual Studio Version 16
VisualStudioVersion = 16.0.30114.105
MinimumVisualStudioVersion = 10.0.40219.1
Project("{FAE04EC0-301F-11D3-BF4B-00C04F79EFBC}") = "GitInsight.app", "GitInsight.app\GitInsight.app.csproj", "{E7DA2424-3B4C-47E9-BE6E-5B8F4A923149}"
EndProject
Project("{FAE04EC0-301F-11D3-BF4B-00C04F79EFBC}") = "GitInsight.test", "GitInsight.test\GitInsight.test.csproj", "{8DBE169B-3C67-486D-8C91-F6E4AF8E06D2}"
EndProject
Global
	GlobalSection(SolutionConfigurationPlatforms) = preSolution
		Debug|Any CPU = Debug|Any CPU
		Release|Any CPU = Release|Any CPU
	EndGlobalSection
	GlobalSection(SolutionProperties) = preSolution
		HideSolutionNode = FALSE
	EndGlobalSection
	GlobalSection(ProjectConfigurationPlatforms) = postSolution
		{07BD169B-5E3C-4C0C-A177-FD1BC22D0491}.Debug|Any CPU.ActiveCfg = Debug|Any CPU
		{07BD169B-5E3C-4C0C-A177-FD1BC22D0491}.Debug|Any CPU.Build.0 = Debug|Any CPU
		{07BD169B-5E3C-4C0C-A177-FD1BC22D0491}.Release|Any CPU.ActiveCfg = Release|Any CPU
		{07BD169B-5E3C-4C0C-A177-FD1BC22D0491}.Release|Any CPU.Build.0 = Release|Any CPU
		{E7DA2424-3B4C-47E9-BE6E-5B8F4A923149}.Debug|Any CPU.ActiveCfg = Debug|Any CPU
		{E7DA2424-3B4C-47E9-BE6E-5B8F4A923149}.Debug|Any CPU.Build.0 = Debug|Any CPU
		{E7DA2424-3B4C-47E9-BE6E-5B8F4A923149}.Release|Any CPU.ActiveCfg = Release|Any CPU
		{E7DA2424-3B4C-47E9-BE6E-5B8F4A923149}.Release|Any CPU.Build.0 = Release|Any CPU
		{8DBE169B-3C67-486D-8C91-F6E4AF8E06D2}.Debug|Any CPU.ActiveCfg = Debug|Any CPU
		{8DBE169B-3C67-486D-8C91-F6E4AF8E06D2}.Debug|Any CPU.Build.0 = Debug|Any CPU
		{8DBE169B-3C67-486D-8C91-F6E4AF8E06D2}.Release|Any CPU.ActiveCfg = Release|Any CPU
		{8DBE169B-3C67-486D-8C91-F6E4AF8E06D2}.Release|Any CPU.Build.0 = Release|Any CPU
	EndGlobalSection
EndGlobal
